version: 1.0
shards:
  ameba:
    github: veelenga/ameba
    version: 0.10.0

  callback:
    github: drujensen/callback
    version: 0.6.3

  cli:
    github: mosop/cli
    version: 0.7.0

  crest:
    github: mamantoha/crest
    version: 0.21.1

  emoji:
    github: veelenga/emoji.cr
    commit: 22c147f37333a94249eac7ce54e7e9f1c4999838

  inflector:
    github: phoffer/inflector.cr
    version: 0.1.8

  myhtml:
    github: kostya/myhtml
    version: 1.4.2

  optarg:
    github: mosop/optarg
    version: 0.5.8

  string_inflection:
    github: mosop/string_inflection
    version: 0.2.1

